lockfileVersion: '9.0'
importers:
  .: {}
packages: {'@pnpm/exe.darwin-arm64@12.3.4': {resolution: {integrity: sha512-PAyUol8T1+/+ViOiXAt51ECA+QnfXCqz6foL4bW+LsoX0NcVd5XVEM2mRQu+LV4oc7uRz9zf9U0P+XFfuQeDAw==}, cpu: [arm64], os: [darwin]}, 'pnpm@12.3.4': {resolution: {integrity: sha512-beowKWx9eVk6uEs/k9Rwmqt7xFIe0uO0Qf2M1TKV0+8wkFHgPTX7YQTohl37Cz4Acu8VDmYkbjUj6X3P7x1E+g==}, engines: {node: '>=18.*'}, hasBin: true}}
snapshots: {'@pnpm/exe.darwin-arm64@12.3.4': {optional: true}, 'pnpm@12.3.4': {}}
