version = 1
revision = 5
requires-python = ">=3.11"

[[package]]
name = "idna"
version = "3.10"
source = { url = "https://files.pythonhosted.org/packages/f1/70/7703c29685631f5a7590aa73f1f1d3fa9a380e654b86af429e0934a32f7d/idna-3.10.tar.gz" }
sdist = { hash = "sha256:12f65c9b470abda6dc35cf8e63cc574b1c52b11df2c86030af0ac09b01b13ea9" }

[package.metadata]
requires-dist = [
    { name = "flake8", marker = "extra == 'all'", specifier = ">=7.1.1" },
    { name = "mypy", marker = "extra == 'all'", specifier = ">=1.11.2" },
    { name = "pytest", marker = "extra == 'all'", specifier = ">=8.3.2" },
    { name = "ruff", marker = "extra == 'all'", specifier = ">=0.6.2" },
]
provides-extras = ["all"]

[[package]]
name = "vm4-uv-provenance"
version = "0.1.0"
source = { virtual = "." }
dependencies = [
    { name = "idna" },
]

[package.metadata]
requires-dist = [{ name = "idna", url = "https://files.pythonhosted.org/packages/f1/70/7703c29685631f5a7590aa73f1f1d3fa9a380e654b86af429e0934a32f7d/idna-3.10.tar.gz" }]
